
Microsoft Visual Studio Solution File, Format Version 12.00
# Visual Studio Version 17
VisualStudioVersion = 17.6.33815.320
MinimumVisualStudioVersion = 10.0.40219.1
Project("{FAE04EC0-301F-11D3-BF4B-00C04F79EFBC}") = "CleanCode_Sep18_Repository", "CleanCode_Sep18_Repository.csproj", "{762C3895-2AAD-4272-B428-9796456BE8DE}"
EndProject
Project("{FAE04EC0-301F-11D3-BF4B-00C04F79EFBC}") = "CleanCode_Sept_UI", "..\CleanCode_Sept_UI\CleanCode_Sept_UI.csproj", "{1CB868EC-FD5C-48D7-A9B6-D5FA5145BFC0}"
EndProject
Project("{FAE04EC0-301F-11D3-BF4B-00C04F79EFBC}") = "CleanCode_Sep18_TestSuite", "..\CleanCode_Sep18_TestSuite\CleanCode_Sep18_TestSuite.csproj", "{67BD9285-0865-44A5-ADA0-1EBFDD4E62DC}"
EndProject
Global
	GlobalSection(SolutionConfigurationPlatforms) = preSolution
		Debug|Any CPU = Debug|Any CPU
		Release|Any CPU = Release|Any CPU
	EndGlobalSection
	GlobalSection(ProjectConfigurationPlatforms) = postSolution
		{762C3895-2AAD-4272-B428-9796456BE8DE}.Debug|Any CPU.ActiveCfg = Debug|Any CPU
		{762C3895-2AAD-4272-B428-9796456BE8DE}.Debug|Any CPU.Build.0 = Debug|Any CPU
		{762C3895-2AAD-4272-B428-9796456BE8DE}.Release|Any CPU.ActiveCfg = Release|Any CPU
		{762C3895-2AAD-4272-B428-9796456BE8DE}.Release|Any CPU.Build.0 = Release|Any CPU
		{1CB868EC-FD5C-48D7-A9B6-D5FA5145BFC0}.Debug|Any CPU.ActiveCfg = Debug|Any CPU
		{1CB868EC-FD5C-48D7-A9B6-D5FA5145BFC0}.Debug|Any CPU.Build.0 = Debug|Any CPU
		{1CB868EC-FD5C-48D7-A9B6-D5FA5145BFC0}.Release|Any CPU.ActiveCfg = Release|Any CPU
		{1CB868EC-FD5C-48D7-A9B6-D5FA5145BFC0}.Release|Any CPU.Build.0 = Release|Any CPU
		{67BD9285-0865-44A5-ADA0-1EBFDD4E62DC}.Debug|Any CPU.ActiveCfg = Debug|Any CPU
		{67BD9285-0865-44A5-ADA0-1EBFDD4E62DC}.Debug|Any CPU.Build.0 = Debug|Any CPU
		{67BD9285-0865-44A5-ADA0-1EBFDD4E62DC}.Release|Any CPU.ActiveCfg = Release|Any CPU
		{67BD9285-0865-44A5-ADA0-1EBFDD4E62DC}.Release|Any CPU.Build.0 = Release|Any CPU
	EndGlobalSection
	GlobalSection(SolutionProperties) = preSolution
		HideSolutionNode = FALSE
	EndGlobalSection
	GlobalSection(ExtensibilityGlobals) = postSolution
		SolutionGuid = {10D7C138-9099-4FB9-A4FC-A4F443C9DC34}
	EndGlobalSection
EndGlobal
